// !$*UTF8*$!
{
	archiveVersion = 1;
	classes = {
	};
	objectVersion = 48;
	objects = {

/* Begin PBXBuildFile section */
		FC84B70F1EFA6D6000C1864E /* AppDelegate.swift in Sources */ = {isa = PBXBuildFile; fileRef = FC84B70E1EFA6D6000C1864E /* AppDelegate.swift */; };
		FC84B7111EFA6D6000C1864E /* FirstViewController.swift in Sources */ = {isa = PBXBuildFile; fileRef = FC84B7101EFA6D6000C1864E /* FirstViewController.swift */; };
		FC84B7131EFA6D6000C1864E /* SecondViewController.swift in Sources */ = {isa = PBXBuildFile; fileRef = FC84B7121EFA6D6000C1864E /* SecondViewController.swift */; };
		FC84B7161EFA6D6000C1864E /* Main.storyboard in Resources */ = {isa = PBXBuildFile; fileRef = FC84B7141EFA6D6000C1864E /* Main.storyboard */; };
		FC84B7181EFA6D6000C1864E /* Assets.xcassets in Resources */ = {isa = PBXBuildFile; fileRef = FC84B7171EFA6D6000C1864E /* Assets.xcassets */; };
		FC84B71B1EFA6D6000C1864E /* LaunchScreen.storyboard in Resources */ = {isa = PBXBuildFile; fileRef = FC84B7191EFA6D6000C1864E /* LaunchScreen.storyboard */; };
/* End PBXBuildFile section */

/* Begin PBXFileReference section */
		FC84B70B1EFA6D6000C1864E /* Insta Clone Parse.app */ = {isa = PBXFileReference; explicitFileType = wrapper.application; includeInIndex = 0; path = "Insta Clone Parse.app"; sourceTree = BUILT_PRODUCTS_DIR; };
		FC84B70E1EFA6D6000C1864E /* AppDelegate.swift */ = {isa = PBXFileReference; lastKnownFileType = sourcecode.swift; path = AppDelegate.swift; sourceTree = "<group>"; };
		FC84B7101EFA6D6000C1864E /* FirstViewController.swift */ = {isa = PBXFileReference; lastKnownFileType = sourcecode.swift; path = FirstViewController.swift; sourceTree = "<group>"; };
		FC84B7121EFA6D6000C1864E /* SecondViewController.swift */ = {isa = PBXFileReference; lastKnownFileType = sourcecode.swift; path = SecondViewController.swift; sourceTree = "<group>"; };
		FC84B7151EFA6D6000C1864E /* Base */ = {isa = PBXFileReference; lastKnownFileType = file.storyboard; name = Base; path = Base.lproj/Main.storyboard; sourceTree = "<group>"; };
		FC84B7171EFA6D6000C1864E /* Assets.xcassets */ = {isa = PBXFileReference; lastKnownFileType = folder.assetcatalog; path = Assets.xcassets; sourceTree = "<group>"; };
		FC84B71A1EFA6D6000C1864E /* Base */ = {isa = PBXFileReference; lastKnownFileType = file.storyboard; name = Base; path = Base.lproj/LaunchScreen.storyboard; sourceTree = "<group>"; };
		FC84B71C1EFA6D6000C1864E /* Info.plist */ = {isa = PBXFileReference; lastKnownFileType = text.plist.xml; path = Info.plist; sourceTree = "<group>"; };
/* End PBXFileReference section */

/* Begin PBXFrameworksBuildPhase section */
		FC84B7081EFA6D6000C1864E /* Frameworks */ = {
			isa = PBXFrameworksBuildPhase;
			buildActionMask = 2147483647;
			files = (
			);
			runOnlyForDeploymentPostprocessing = 0;
		};
/* End PBXFrameworksBuildPhase section */

/* Begin PBXGroup section */
		FC84B7021EFA6D6000C1864E = {
			isa = PBXGroup;
			children = (
				FC84B70D1EFA6D6000C1864E /* Insta Clone Parse */,
				FC84B70C1EFA6D6000C1864E /* Products */,
			);
			sourceTree = "<group>";
		};
		FC84B70C1EFA6D6000C1864E /* Products */ = {
			isa = PBXGroup;
			children = (
				FC84B70B1EFA6D6000C1864E /* Insta Clone Parse.app */,
			);
			name = Products;
			sourceTree = "<group>";
		};
		FC84B70D1EFA6D6000C1864E /* Insta Clone Parse */ = {
			isa = PBXGroup;
			children = (
				FC84B70E1EFA6D6000C1864E /* AppDelegate.swift */,
				FC84B7101EFA6D6000C1864E /* FirstViewController.swift */,
				FC84B7121EFA6D6000C1864E /* SecondViewController.swift */,
				FC84B7141EFA6D6000C1864E /* Main.storyboard */,
				FC84B7171EFA6D6000C1864E /* Assets.xcassets */,
				FC84B7191EFA6D6000C1864E /* LaunchScreen.storyboard */,
				FC84B71C1EFA6D6000C1864E /* Info.plist */,
			);
			path = "Insta Clone Parse";
			sourceTree = "<group>";
		};
/* End PBXGroup section */

/* Begin PBXNativeTarget section */
		FC84B70A1EFA6D6000C1864E /* Insta Clone Parse */ = {
			isa = PBXNativeTarget;
			buildConfigurationList = FC84B71F1EFA6D6000C1864E /* Build configuration list for PBXNativeTarget "Insta Clone Parse" */;
			buildPhases = (
				FC84B7071EFA6D6000C1864E /* Sources */,
				FC84B7081EFA6D6000C1864E /* Frameworks */,
				FC84B7091EFA6D6000C1864E /* Resources */,
			);
			buildRules = (
			);
			dependencies = (
			);
			name = "Insta Clone Parse";
			productName = "Insta Clone Parse";
			productReference = FC84B70B1EFA6D6000C1864E /* Insta Clone Parse.app */;
			productType = "com.apple.product-type.application";
		};
/* End PBXNativeTarget section */

/* Begin PBXProject section */
		FC84B7031EFA6D6000C1864E /* Project object */ = {
			isa = PBXProject;
			attributes = {
				LastSwiftUpdateCheck = 0900;
				LastUpgradeCheck = 0900;
				ORGANIZATIONNAME = "Atil Samancioglu";
				TargetAttributes = {
					FC84B70A1EFA6D6000C1864E = {
						CreatedOnToolsVersion = 9.0;
					};
				};
			};
			buildConfigurationList = FC84B7061EFA6D6000C1864E /* Build configuration list for PBXProject "Insta Clone Parse" */;
			compatibilityVersion = "Xcode 8.0";
			developmentRegion = en;
			hasScannedForEncodings = 0;
			knownRegions = (
				en,
				Base,
			);
			mainGroup = FC84B7021EFA6D6000C1864E;
			productRefGroup = FC84B70C1EFA6D6000C1864E /* Products */;
			projectDirPath = "";
			projectRoot = "";
			targets = (
				FC84B70A1EFA6D6000C1864E /* Insta Clone Parse */,
			);
		};
/* End PBXProject section */

/* Begin PBXResourcesBuildPhase section */
		FC84B7091EFA6D6000C1864E /* Resources */ = {
			isa = PBXResourcesBuildPhase;
			buildActionMask = 2147483647;
			files = (
				FC84B71B1EFA6D6000C1864E /* LaunchScreen.storyboard in Resources */,
				FC84B7181EFA6D6000C1864E /* Assets.xcassets in Resources */,
				FC84B7161EFA6D6000C1864E /* Main.storyboard in Resources */,
			);
			runOnlyForDeploymentPostprocessing = 0;
		};
/* End PBXResourcesBuildPhase section */

/* Begin PBXSourcesBuildPhase section */
		FC84B7071EFA6D6000C1864E /* Sources */ = {
			isa = PBXSourcesBuildPhase;
			buildActionMask = 2147483647;
			files = (
				FC84B7131EFA6D6000C1864E /* SecondViewController.swift in Sources */,
				FC84B70F1EFA6D6000C1864E /* AppDelegate.swift in Sources */,
				FC84B7111EFA6D6000C1864E /* FirstViewController.swift in Sources */,
			);
			runOnlyForDeploymentPostprocessing = 0;
		};
/* End PBXSourcesBuildPhase section */

/* Begin PBXVariantGroup section */
		FC84B7141EFA6D6000C1864E /* Main.storyboard */ = {
			isa = PBXVariantGroup;
			children = (
				FC84B7151EFA6D6000C1864E /* Base */,
			);
			name = Main.storyboard;
			sourceTree = "<group>";
		};
		FC84B7191EFA6D6000C1864E /* LaunchScreen.storyboard */ = {
			isa = PBXVariantGroup;
			children = (
				FC84B71A1EFA6D6000C1864E /* Base */,
			);
			name = LaunchScreen.storyboard;
			sourceTree = "<group>";
		};
/* End PBXVariantGroup section */

/* Begin XCBuildConfiguration section */
		FC84B71D1EFA6D6000C1864E /* Debug */ = {
			isa = XCBuildConfiguration;
			buildSettings = {
				ALWAYS_SEARCH_USER_PATHS = NO;
				CLANG_ANALYZER_NONNULL = YES;
				CLANG_ANALYZER_NUMBER_OBJECT_CONVERSION = YES_AGGRESSIVE;
				CLANG_CXX_LANGUAGE_STANDARD = "gnu++14";
				CLANG_CXX_LIBRARY = "libc++";
				CLANG_ENABLE_MODULES = YES;
				CLANG_ENABLE_OBJC_ARC = YES;
				CLANG_WARN_BLOCK_CAPTURE_AUTORELEASING = YES;
				CLANG_WARN_BOOL_CONVERSION = YES;
				CLANG_WARN_COMMA = YES;
				CLANG_WARN_CONSTANT_CONVERSION = YES;
				CLANG_WARN_DIRECT_OBJC_ISA_USAGE = YES_ERROR;
				CLANG_WARN_DOCUMENTATION_COMMENTS = YES;
				CLANG_WARN_EMPTY_BODY = YES;
				CLANG_WARN_ENUM_CONVERSION = YES;
				CLANG_WARN_INFINITE_RECURSION = YES;
				CLANG_WARN_INT_CONVERSION = YES;
				CLANG_WARN_OBJC_ROOT_CLASS = YES_ERROR;
				CLANG_WARN_RANGE_LOOP_ANALYSIS = YES;
				CLANG_WARN_STRICT_PROTOTYPES = YES;
				CLANG_WARN_SUSPICIOUS_MOVE = YES;
				CLANG_WARN_UNGUARDED_AVAILABILITY = YES_AGGRESSIVE;
				CLANG_WARN_UNREACHABLE_CODE = YES;
				CLANG_WARN__DUPLICATE_METHOD_MATCH = YES;
				CODE_SIGN_IDENTITY = "iPhone Developer";
				COPY_PHASE_STRIP = NO;
				DEBUG_INFORMATION_FORMAT = dwarf;
				ENABLE_STRICT_OBJC_MSGSEND = YES;
				ENABLE_TESTABILITY = YES;
				GCC_C_LANGUAGE_STANDARD = gnu11;
				GCC_DYNAMIC_NO_PIC = NO;
				GCC_NO_COMMON_BLOCKS = YES;
				GCC_OPTIMIZATION_LEVEL = 0;
				GCC_PREPROCESSOR_DEFINITIONS = (
					"DEBUG=1",
					"$(inherited)",
				);
				GCC_WARN_64_TO_32_BIT_CONVERSION = YES;
				GCC_WARN_ABOUT_RETURN_TYPE = YES_ERROR;
				GCC_WARN_UNDECLARED_SELECTOR = YES;
				GCC_WARN_UNINITIALIZED_AUTOS = YES_AGGRESSIVE;
				GCC_WARN_UNUSED_FUNCTION = YES;
				GCC_WARN_UNUSED_VARIABLE = YES;
				IPHONEOS_DEPLOYMENT_TARGET = 11.0;
				MTL_ENABLE_DEBUG_INFO = YES;
				ONLY_ACTIVE_ARCH = YES;
				SDKROOT = iphoneos;
				SWIFT_ACTIVE_COMPILATION_CONDITIONS = DEBUG;
				SWIFT_OPTIMIZATION_LEVEL = "-Onone";
			};
			name = Debug;
		};
		FC84B71E1EFA6D6000C1864E /* Release */ = {
			isa = XCBuildConfiguration;
			buildSettings = {
				ALWAYS_SEARCH_USER_PATHS = NO;
				CLANG_ANALYZER_NONNULL = YES;
				CLANG_ANALYZER_NUMBER_OBJECT_CONVERSION = YES_AGGRESSIVE;
				CLANG_CXX_LANGUAGE_STANDARD = "gnu++14";
				CLANG_CXX_LIBRARY = "libc++";
				CLANG_ENABLE_MODULES = YES;
				CLANG_ENABLE_OBJC_ARC = YES;
				CLANG_WARN_BLOCK_CAPTURE_AUTORELEASING = YES;
				CLANG_WARN_BOOL_CONVERSION = YES;
				CLANG_WARN_COMMA = YES;
				CLANG_WARN_CONSTANT_CONVERSION = YES;
				CLANG_WARN_DIRECT_OBJC_ISA_USAGE = YES_ERROR;
				CLANG_WARN_DOCUMENTATION_COMMENTS = YES;
				CLANG_WARN_EMPTY_BODY = YES;
				CLANG_WARN_ENUM_CONVERSION = YES;
				CLANG_WARN_INFINITE_RECURSION = YES;
				CLANG_WARN_INT_CONVERSION = YES;
				CLANG_WARN_OBJC_ROOT_CLASS = YES_ERROR;
				CLANG_WARN_RANGE_LOOP_ANALYSIS = YES;
				CLANG_WARN_STRICT_PROTOTYPES = YES;
				CLANG_WARN_SUSPICIOUS_MOVE = YES;
				CLANG_WARN_UNGUARDED_AVAILABILITY = YES_AGGRESSIVE;
				CLANG_WARN_UNREACHABLE_CODE = YES;
				CLANG_WARN__DUPLICATE_METHOD_MATCH = YES;
				CODE_SIGN_IDENTITY = "iPhone Developer";
				COPY_PHASE_STRIP = NO;
				DEBUG_INFORMATION_FORMAT = "dwarf-with-dsym";
				ENABLE_NS_ASSERTIONS = NO;
				ENABLE_STRICT_OBJC_MSGSEND = YES;
				GCC_C_LANGUAGE_STANDARD = gnu11;
				GCC_NO_COMMON_BLOCKS = YES;
				GCC_WARN_64_TO_32_BIT_CONVERSION = YES;
				GCC_WARN_ABOUT_RETURN_TYPE = YES_ERROR;
				GCC_WARN_UNDECLARED_SELECTOR = YES;
				GCC_WARN_UNINITIALIZED_AUTOS = YES_AGGRESSIVE;
				GCC_WARN_UNUSED_FUNCTION = YES;
				GCC_WARN_UNUSED_VARIABLE = YES;
				IPHONEOS_DEPLOYMENT_TARGET = 11.0;
				MTL_ENABLE_DEBUG_INFO = NO;
				SDKROOT = iphoneos;
				SWIFT_OPTIMIZATION_LEVEL = "-Owholemodule";
				VALIDATE_PRODUCT = YES;
			};
			name = Release;
		};
		FC84B7201EFA6D6000C1864E /* Debug */ = {
			isa = XCBuildConfiguration;
			buildSettings = {
				ASSETCATALOG_COMPILER_APPICON_NAME = AppIcon;
				DEVELOPMENT_TEAM = 7SH627DBA4;
				INFOPLIST_FILE = "Insta Clone Parse/Info.plist";
				LD_RUNPATH_SEARCH_PATHS = "$(inherited) @executable_path/Frameworks";
				PRODUCT_BUNDLE_IDENTIFIER = "com.atilsamancioglu.Insta-Clone-Parse";
				PRODUCT_NAME = "$(TARGET_NAME)";
				SWIFT_VERSION = 4.0;
				TARGETED_DEVICE_FAMILY = "1,2";
			};
			name = Debug;
		};
		FC84B7211EFA6D6000C1864E /* Release */ = {
			isa = XCBuildConfiguration;
			buildSettings = {
				ASSETCATALOG_COMPILER_APPICON_NAME = AppIcon;
				DEVELOPMENT_TEAM = 7SH627DBA4;
				INFOPLIST_FILE = "Insta Clone Parse/Info.plist";
				LD_RUNPATH_SEARCH_PATHS = "$(inherited) @executable_path/Frameworks";
				PRODUCT_BUNDLE_IDENTIFIER = "com.atilsamancioglu.Insta-Clone-Parse";
				PRODUCT_NAME = "$(TARGET_NAME)";
				SWIFT_VERSION = 4.0;
				TARGETED_DEVICE_FAMILY = "1,2";
			};
			name = Release;
		};
/* End XCBuildConfiguration section */

/* Begin XCConfigurationList section */
		FC84B7061EFA6D6000C1864E /* Build configuration list for PBXProject "Insta Clone Parse" */ = {
			isa = XCConfigurationList;
			buildConfigurations = (
				FC84B71D1EFA6D6000C1864E /* Debug */,
				FC84B71E1EFA6D6000C1864E /* Release */,
			);
			defaultConfigurationIsVisible = 0;
			defaultConfigurationName = Release;
		};
		FC84B71F1EFA6D6000C1864E /* Build configuration list for PBXNativeTarget "Insta Clone Parse" */ = {
			isa = XCConfigurationList;
			buildConfigurations = (
				FC84B7201EFA6D6000C1864E /* Debug */,
				FC84B7211EFA6D6000C1864E /* Release */,
			);
			defaultConfigurationIsVisible = 0;
		};
/* End XCConfigurationList section */
	};
	rootObject = FC84B7031EFA6D6000C1864E /* Project object */;
}
